dependencies:
  espressif/button:
    component_hash: 4d3ea5c1b7a4926c9d027e0bde0188207dadb0d1841d1cec2524f0cddd22f779
    dependencies:
    - name: idf
      require: private
      version: '>=4.0'
    source:
      registry_url: https://components.espressif.com/
      type: service
    version: 2.5.0
  espressif/cbor:
    component_hash: 440f4ee4504841cc9b4f3a8ef755776a612ac9dace355514c68b999868f990ff
    dependencies:
    - name: idf
      require: private
      version: '>=4.3'
    source:
      registry_url: https://components.espressif.com
      type: service
    version: 0.6.0~1
  espressif/esp_diag_data_store:
    component_hash: 8849195251dbb8a2d7268335277cfa310cef36e4ac1e90cd59ad3be4269a30d7
    dependencies:
    - name: idf
      require: private
      version: '>=4.1'
    source:
      registry_url: https://components.espressif.com/
      type: service
    version: 1.0.1
  espressif/esp_diagnostics:
    component_hash: fe19f5ee7f0145f406d36a4d5310e4ae0c6ee1afa47f2681ada8a2ea8582d390
    dependencies:
    - name: idf
      require: private
      version: '>=4.1'
    - name: espressif/rmaker_common
      registry_url: https://components.espressif.com
      require: private
      version: ~1.4.0
    source:
      registry_url: https://components.espressif.com
      type: service
    version: 1.0.2
  espressif/esp_encrypted_img:
    component_hash: 1c34d5b0e70a3878e63fe2bedb00824bcf83c30d9b020029c38400d0d14fe182
    dependencies:
    - name: idf
      require: private
      version: '>=4.4'
    source:
      registry_url: https://components.espressif.com/
      type: service
    version: 2.1.0
  espressif/esp_insights:
    component_hash: 2472a19de98a8b991baeeac7209765b70ce14ec2b1435dbed3abd020dd0f7227
    dependencies:
    - name: idf
      require: private
      version: '>=4.1'
    - name: espressif/rmaker_common
      registry_url: https://components.espressif.com
      require: private
      version: ~1.4.0
    - name: espressif/esp_diagnostics
      registry_url: https://components.espressif.com
      require: private
      version: ~1.0
    - name: espressif/esp_diag_data_store
      registry_url: https://components.espressif.com
      require: private
      version: ~1.0
    - name: espressif/cbor
      registry_url: https://components.espressif.com
      require: private
      rules:
      - if: idf_version >=5.0
      version: ~0.6
    source:
      registry_url: https://components.espressif.com/
      type: service
    version: 1.0.1
  espressif/esp_secure_cert_mgr:
    component_hash: 5d9175b416f751ba6a7cb35bdf092f0af85658ce06c4a592c7c541d8017ebeb9
    dependencies:
    - name: idf
      require: private
      version: '>=4.3'
    source:
      registry_url: https://components.espressif.com/
      type: service
    version: 2.5.0
  espressif/jsmn:
    component_hash: d80350c41bbaa827c98a25b6072df00884e72f54885996fab4a4f0aebce6b6c3
    dependencies:
    - name: idf
      require: private
      version: '>=4.3'
    source:
      registry_url: https://components.espressif.com
      type: service
    version: 1.1.0
  espressif/json_generator:
    component_hash: 45033e1c199b13f1c8c1b544fb7d4e2df6a8e3071ebdcb1b22582b61a7974ff2
    dependencies: []
    source:
      registry_url: https://components.espressif.com/
      type: service
    version: 1.1.2
  espressif/json_parser:
    component_hash: d74b81729ad06ec11ff5eb5b1b0d7df1d00e6027fc11471f4b139c70dcf1b1e4
    dependencies:
    - name: espressif/jsmn
      registry_url: https://components.espressif.com
      require: private
      rules:
      - if: idf_version >=5.0
      version: ~1.1
    source:
      registry_url: https://components.espressif.com/
      type: service
    version: 1.0.3
  espressif/led_strip:
    component_hash: e8179c56057c243e80a8286c39361eb4bef33e42eb5f7fc841ea877597ca13f7
    dependencies: []
    source:
      registry_url: https://components.espressif.com/
      type: service
    version: 1.0.0
  espressif/mdns:
    component_hash: f5267872ed0c810d1b281c41a567cace7b3a3695c0df9dff89f631e9ba426ed0
    dependencies:
    - name: idf
      require: private
      version: '>=5.0'
    source:
      registry_url: https://components.espressif.com/
      type: service
    version: 1.4.2
  espressif/rmaker_common:
    component_hash: a3a1df881278d0351fc850b77792fe8a196ddd6dcacbea203d606329cc6a0239
    dependencies: []
    source:
      registry_url: https://components.espressif.com
      type: service
    version: 1.4.6
  idf:
    source:
      type: idf
    version: 5.5.0
direct_dependencies:
- espressif/button
- espressif/esp_diag_data_store
- espressif/esp_encrypted_img
- espressif/esp_insights
- espressif/esp_secure_cert_mgr
- espressif/json_generator
- espressif/json_parser
- espressif/led_strip
- espressif/mdns
manifest_hash: e046ffd95b31752219a127f7407938feb73200ecdce9114a6ead2e5b04a66963
target: esp32c6
version: 2.0.0
